// !$*UTF8*$!
{
	archiveVersion = 1;
	classes = {
	};
	objectVersion = 55;
	objects = {

/* Begin PBXBuildFile section */
		BF2299C7289D5A3A00518875 /* AppDelegate.swift in Sources */ = {isa = PBXBuildFile; fileRef = BF2299C6289D5A3A00518875 /* AppDelegate.swift */; };
		BF2299C9289D5A3A00518875 /* SceneDelegate.swift in Sources */ = {isa = PBXBuildFile; fileRef = BF2299C8289D5A3A00518875 /* SceneDelegate.swift */; };
		BF2299CB289D5A3A00518875 /* AddNewShareViewController.swift in Sources */ = {isa = PBXBuildFile; fileRef = BF2299CA289D5A3A00518875 /* AddNewShareViewController.swift */; };
		BF2299CE289D5A3A00518875 /* Main.storyboard in Resources */ = {isa = PBXBuildFile; fileRef = BF2299CC289D5A3A00518875 /* Main.storyboard */; };
		BF2299D0289D5A3A00518875 /* Assets.xcassets in Resources */ = {isa = PBXBuildFile; fileRef = BF2299CF289D5A3A00518875 /* Assets.xcassets */; };
		BF2299D3289D5A3A00518875 /* LaunchScreen.storyboard in Resources */ = {isa = PBXBuildFile; fileRef = BF2299D1289D5A3A00518875 /* LaunchScreen.storyboard */; };
		BF2299DC289D768700518875 /* NewShare.swift in Sources */ = {isa = PBXBuildFile; fileRef = BF2299DB289D768700518875 /* NewShare.swift */; };
		BF2299DF289E1CA700518875 /* NewShareAnalysisViewController.swift in Sources */ = {isa = PBXBuildFile; fileRef = BF2299DE289E1CA700518875 /* NewShareAnalysisViewController.swift */; };
		BFD27196289E541200174EB1 /* NewSharesAnalysisTableViewController.swift in Sources */ = {isa = PBXBuildFile; fileRef = BFD27195289E541200174EB1 /* NewSharesAnalysisTableViewController.swift */; };
/* End PBXBuildFile section */

/* Begin PBXFileReference section */
		BF2299C3289D5A3A00518875 /* newSharesFilter.app */ = {isa = PBXFileReference; explicitFileType = wrapper.application; includeInIndex = 0; path = newSharesFilter.app; sourceTree = BUILT_PRODUCTS_DIR; };
		BF2299C6289D5A3A00518875 /* AppDelegate.swift */ = {isa = PBXFileReference; lastKnownFileType = sourcecode.swift; path = AppDelegate.swift; sourceTree = "<group>"; };
		BF2299C8289D5A3A00518875 /* SceneDelegate.swift */ = {isa = PBXFileReference; lastKnownFileType = sourcecode.swift; path = SceneDelegate.swift; sourceTree = "<group>"; };
		BF2299CA289D5A3A00518875 /* AddNewShareViewController.swift */ = {isa = PBXFileReference; lastKnownFileType = sourcecode.swift; path = AddNewShareViewController.swift; sourceTree = "<group>"; };
		BF2299CD289D5A3A00518875 /* Base */ = {isa = PBXFileReference; lastKnownFileType = file.storyboard; name = Base; path = Base.lproj/Main.storyboard; sourceTree = "<group>"; };
		BF2299CF289D5A3A00518875 /* Assets.xcassets */ = {isa = PBXFileReference; lastKnownFileType = folder.assetcatalog; path = Assets.xcassets; sourceTree = "<group>"; };
		BF2299D2289D5A3A00518875 /* Base */ = {isa = PBXFileReference; lastKnownFileType = file.storyboard; name = Base; path = Base.lproj/LaunchScreen.storyboard; sourceTree = "<group>"; };
		BF2299D4289D5A3A00518875 /* Info.plist */ = {isa = PBXFileReference; lastKnownFileType = text.plist.xml; path = Info.plist; sourceTree = "<group>"; };
		BF2299DB289D768700518875 /* NewShare.swift */ = {isa = PBXFileReference; lastKnownFileType = sourcecode.swift; path = NewShare.swift; sourceTree = "<group>"; };
		BF2299DE289E1CA700518875 /* NewShareAnalysisViewController.swift */ = {isa = PBXFileReference; lastKnownFileType = sourcecode.swift; path = NewShareAnalysisViewController.swift; sourceTree = "<group>"; };
		BFD27195289E541200174EB1 /* NewSharesAnalysisTableViewController.swift */ = {isa = PBXFileReference; lastKnownFileType = sourcecode.swift; path = NewSharesAnalysisTableViewController.swift; sourceTree = "<group>"; };
/* End PBXFileReference section */

/* Begin PBXFrameworksBuildPhase section */
		BF2299C0289D5A3A00518875 /* Frameworks */ = {
			isa = PBXFrameworksBuildPhase;
			buildActionMask = 2147483647;
			files = (
			);
			runOnlyForDeploymentPostprocessing = 0;
		};
/* End PBXFrameworksBuildPhase section */

/* Begin PBXGroup section */
		BF2299BA289D5A3A00518875 = {
			isa = PBXGroup;
			children = (
				BF2299C5289D5A3A00518875 /* newSharesFilter */,
				BF2299C4289D5A3A00518875 /* Products */,
			);
			sourceTree = "<group>";
		};
		BF2299C4289D5A3A00518875 /* Products */ = {
			isa = PBXGroup;
			children = (
				BF2299C3289D5A3A00518875 /* newSharesFilter.app */,
			);
			name = Products;
			sourceTree = "<group>";
		};
		BF2299C5289D5A3A00518875 /* newSharesFilter */ = {
			isa = PBXGroup;
			children = (
				BF2299DD289E1C7F00518875 /* View Controllers */,
				BF2299DA289D766400518875 /* Model */,
				BF2299C6289D5A3A00518875 /* AppDelegate.swift */,
				BF2299C8289D5A3A00518875 /* SceneDelegate.swift */,
				BF2299CC289D5A3A00518875 /* Main.storyboard */,
				BF2299CF289D5A3A00518875 /* Assets.xcassets */,
				BF2299D1289D5A3A00518875 /* LaunchScreen.storyboard */,
				BF2299D4289D5A3A00518875 /* Info.plist */,
			);
			path = newSharesFilter;
			sourceTree = "<group>";
		};
		BF2299DA289D766400518875 /* Model */ = {
			isa = PBXGroup;
			children = (
				BF2299DB289D768700518875 /* NewShare.swift */,
			);
			path = Model;
			sourceTree = "<group>";
		};
		BF2299DD289E1C7F00518875 /* View Controllers */ = {
			isa = PBXGroup;
			children = (
				BF2299CA289D5A3A00518875 /* AddNewShareViewController.swift */,
				BF2299DE289E1CA700518875 /* NewShareAnalysisViewController.swift */,
				BFD27195289E541200174EB1 /* NewSharesAnalysisTableViewController.swift */,
			);
			path = "View Controllers";
			sourceTree = "<group>";
		};
/* End PBXGroup section */

/* Begin PBXNativeTarget section */
		BF2299C2289D5A3A00518875 /* newSharesFilter */ = {
			isa = PBXNativeTarget;
			buildConfigurationList = BF2299D7289D5A3A00518875 /* Build configuration list for PBXNativeTarget "newSharesFilter" */;
			buildPhases = (
				BF2299BF289D5A3A00518875 /* Sources */,
				BF2299C0289D5A3A00518875 /* Frameworks */,
				BF2299C1289D5A3A00518875 /* Resources */,
			);
			buildRules = (
			);
			dependencies = (
			);
			name = newSharesFilter;
			productName = newSharesFilter;
			productReference = BF2299C3289D5A3A00518875 /* newSharesFilter.app */;
			productType = "com.apple.product-type.application";
		};
/* End PBXNativeTarget section */

/* Begin PBXProject section */
		BF2299BB289D5A3A00518875 /* Project object */ = {
			isa = PBXProject;
			attributes = {
				BuildIndependentTargetsInParallel = 1;
				LastSwiftUpdateCheck = 1340;
				LastUpgradeCheck = 1340;
				TargetAttributes = {
					BF2299C2289D5A3A00518875 = {
						CreatedOnToolsVersion = 13.4.1;
					};
				};
			};
			buildConfigurationList = BF2299BE289D5A3A00518875 /* Build configuration list for PBXProject "newSharesFilter" */;
			compatibilityVersion = "Xcode 13.0";
			developmentRegion = en;
			hasScannedForEncodings = 0;
			knownRegions = (
				en,
				Base,
			);
			mainGroup = BF2299BA289D5A3A00518875;
			productRefGroup = BF2299C4289D5A3A00518875 /* Products */;
			projectDirPath = "";
			projectRoot = "";
			targets = (
				BF2299C2289D5A3A00518875 /* newSharesFilter */,
			);
		};
/* End PBXProject section */

/* Begin PBXResourcesBuildPhase section */
		BF2299C1289D5A3A00518875 /* Resources */ = {
			isa = PBXResourcesBuildPhase;
			buildActionMask = 2147483647;
			files = (
				BF2299D3289D5A3A00518875 /* LaunchScreen.storyboard in Resources */,
				BF2299D0289D5A3A00518875 /* Assets.xcassets in Resources */,
				BF2299CE289D5A3A00518875 /* Main.storyboard in Resources */,
			);
			runOnlyForDeploymentPostprocessing = 0;
		};
/* End PBXResourcesBuildPhase section */

/* Begin PBXSourcesBuildPhase section */
		BF2299BF289D5A3A00518875 /* Sources */ = {
			isa = PBXSourcesBuildPhase;
			buildActionMask = 2147483647;
			files = (
				BFD27196289E541200174EB1 /* NewSharesAnalysisTableViewController.swift in Sources */,
				BF2299DF289E1CA700518875 /* NewShareAnalysisViewController.swift in Sources */,
				BF2299CB289D5A3A00518875 /* AddNewShareViewController.swift in Sources */,
				BF2299C7289D5A3A00518875 /* AppDelegate.swift in Sources */,
				BF2299DC289D768700518875 /* NewShare.swift in Sources */,
				BF2299C9289D5A3A00518875 /* SceneDelegate.swift in Sources */,
			);
			runOnlyForDeploymentPostprocessing = 0;
		};
/* End PBXSourcesBuildPhase section */

/* Begin PBXVariantGroup section */
		BF2299CC289D5A3A00518875 /* Main.storyboard */ = {
			isa = PBXVariantGroup;
			children = (
				BF2299CD289D5A3A00518875 /* Base */,
			);
			name = Main.storyboard;
			sourceTree = "<group>";
		};
		BF2299D1289D5A3A00518875 /* LaunchScreen.storyboard */ = {
			isa = PBXVariantGroup;
			children = (
				BF2299D2289D5A3A00518875 /* Base */,
			);
			name = LaunchScreen.storyboard;
			sourceTree = "<group>";
		};
/* End PBXVariantGroup section */

/* Begin XCBuildConfiguration section */
		BF2299D5289D5A3A00518875 /* Debug */ = {
			isa = XCBuildConfiguration;
			buildSettings = {
				ALWAYS_SEARCH_USER_PATHS = NO;
				CLANG_ANALYZER_NONNULL = YES;
				CLANG_ANALYZER_NUMBER_OBJECT_CONVERSION = YES_AGGRESSIVE;
				CLANG_CXX_LANGUAGE_STANDARD = "gnu++17";
				CLANG_ENABLE_MODULES = YES;
				CLANG_ENABLE_OBJC_ARC = YES;
				CLANG_ENABLE_OBJC_WEAK = YES;
				CLANG_WARN_BLOCK_CAPTURE_AUTORELEASING = YES;
				CLANG_WARN_BOOL_CONVERSION = YES;
				CLANG_WARN_COMMA = YES;
				CLANG_WARN_CONSTANT_CONVERSION = YES;
				CLANG_WARN_DEPRECATED_OBJC_IMPLEMENTATIONS = YES;
				CLANG_WARN_DIRECT_OBJC_ISA_USAGE = YES_ERROR;
				CLANG_WARN_DOCUMENTATION_COMMENTS = YES;
				CLANG_WARN_EMPTY_BODY = YES;
				CLANG_WARN_ENUM_CONVERSION = YES;
				CLANG_WARN_INFINITE_RECURSION = YES;
				CLANG_WARN_INT_CONVERSION = YES;
				CLANG_WARN_NON_LITERAL_NULL_CONVERSION = YES;
				CLANG_WARN_OBJC_IMPLICIT_RETAIN_SELF = YES;
				CLANG_WARN_OBJC_LITERAL_CONVERSION = YES;
				CLANG_WARN_OBJC_ROOT_CLASS = YES_ERROR;
				CLANG_WARN_QUOTED_INCLUDE_IN_FRAMEWORK_HEADER = YES;
				CLANG_WARN_RANGE_LOOP_ANALYSIS = YES;
				CLANG_WARN_STRICT_PROTOTYPES = YES;
				CLANG_WARN_SUSPICIOUS_MOVE = YES;
				CLANG_WARN_UNGUARDED_AVAILABILITY = YES_AGGRESSIVE;
				CLANG_WARN_UNREACHABLE_CODE = YES;
				CLANG_WARN__DUPLICATE_METHOD_MATCH = YES;
				COPY_PHASE_STRIP = NO;
				DEBUG_INFORMATION_FORMAT = dwarf;
				ENABLE_STRICT_OBJC_MSGSEND = YES;
				ENABLE_TESTABILITY = YES;
				GCC_C_LANGUAGE_STANDARD = gnu11;
				GCC_DYNAMIC_NO_PIC = NO;
				GCC_NO_COMMON_BLOCKS = YES;
				GCC_OPTIMIZATION_LEVEL = 0;
				GCC_PREPROCESSOR_DEFINITIONS = (
					"DEBUG=1",
					"$(inherited)",
				);
				GCC_WARN_64_TO_32_BIT_CONVERSION = YES;
				GCC_WARN_ABOUT_RETURN_TYPE = YES_ERROR;
				GCC_WARN_UNDECLARED_SELECTOR = YES;
				GCC_WARN_UNINITIALIZED_AUTOS = YES_AGGRESSIVE;
				GCC_WARN_UNUSED_FUNCTION = YES;
				GCC_WARN_UNUSED_VARIABLE = YES;
				IPHONEOS_DEPLOYMENT_TARGET = 15.5;
				MTL_ENABLE_DEBUG_INFO = INCLUDE_SOURCE;
				MTL_FAST_MATH = YES;
				ONLY_ACTIVE_ARCH = YES;
				SDKROOT = iphoneos;
				SWIFT_ACTIVE_COMPILATION_CONDITIONS = DEBUG;
				SWIFT_OPTIMIZATION_LEVEL = "-Onone";
			};
			name = Debug;
		};
		BF2299D6289D5A3A00518875 /* Release */ = {
			isa = XCBuildConfiguration;
			buildSettings = {
				ALWAYS_SEARCH_USER_PATHS = NO;
				CLANG_ANALYZER_NONNULL = YES;
				CLANG_ANALYZER_NUMBER_OBJECT_CONVERSION = YES_AGGRESSIVE;
				CLANG_CXX_LANGUAGE_STANDARD = "gnu++17";
				CLANG_ENABLE_MODULES = YES;
				CLANG_ENABLE_OBJC_ARC = YES;
				CLANG_ENABLE_OBJC_WEAK = YES;
				CLANG_WARN_BLOCK_CAPTURE_AUTORELEASING = YES;
				CLANG_WARN_BOOL_CONVERSION = YES;
				CLANG_WARN_COMMA = YES;
				CLANG_WARN_CONSTANT_CONVERSION = YES;
				CLANG_WARN_DEPRECATED_OBJC_IMPLEMENTATIONS = YES;
				CLANG_WARN_DIRECT_OBJC_ISA_USAGE = YES_ERROR;
				CLANG_WARN_DOCUMENTATION_COMMENTS = YES;
				CLANG_WARN_EMPTY_BODY = YES;
				CLANG_WARN_ENUM_CONVERSION = YES;
				CLANG_WARN_INFINITE_RECURSION = YES;
				CLANG_WARN_INT_CONVERSION = YES;
				CLANG_WARN_NON_LITERAL_NULL_CONVERSION = YES;
				CLANG_WARN_OBJC_IMPLICIT_RETAIN_SELF = YES;
				CLANG_WARN_OBJC_LITERAL_CONVERSION = YES;
				CLANG_WARN_OBJC_ROOT_CLASS = YES_ERROR;
				CLANG_WARN_QUOTED_INCLUDE_IN_FRAMEWORK_HEADER = YES;
				CLANG_WARN_RANGE_LOOP_ANALYSIS = YES;
				CLANG_WARN_STRICT_PROTOTYPES = YES;
				CLANG_WARN_SUSPICIOUS_MOVE = YES;
				CLANG_WARN_UNGUARDED_AVAILABILITY = YES_AGGRESSIVE;
				CLANG_WARN_UNREACHABLE_CODE = YES;
				CLANG_WARN__DUPLICATE_METHOD_MATCH = YES;
				COPY_PHASE_STRIP = NO;
				DEBUG_INFORMATION_FORMAT = "dwarf-with-dsym";
				ENABLE_NS_ASSERTIONS = NO;
				ENABLE_STRICT_OBJC_MSGSEND = YES;
				GCC_C_LANGUAGE_STANDARD = gnu11;
				GCC_NO_COMMON_BLOCKS = YES;
				GCC_WARN_64_TO_32_BIT_CONVERSION = YES;
				GCC_WARN_ABOUT_RETURN_TYPE = YES_ERROR;
				GCC_WARN_UNDECLARED_SELECTOR = YES;
				GCC_WARN_UNINITIALIZED_AUTOS = YES_AGGRESSIVE;
				GCC_WARN_UNUSED_FUNCTION = YES;
				GCC_WARN_UNUSED_VARIABLE = YES;
				IPHONEOS_DEPLOYMENT_TARGET = 15.5;
				MTL_ENABLE_DEBUG_INFO = NO;
				MTL_FAST_MATH = YES;
				SDKROOT = iphoneos;
				SWIFT_COMPILATION_MODE = wholemodule;
				SWIFT_OPTIMIZATION_LEVEL = "-O";
				VALIDATE_PRODUCT = YES;
			};
			name = Release;
		};
		BF2299D8289D5A3A00518875 /* Debug */ = {
			isa = XCBuildConfiguration;
			buildSettings = {
				ASSETCATALOG_COMPILER_APPICON_NAME = AppIcon;
				ASSETCATALOG_COMPILER_GLOBAL_ACCENT_COLOR_NAME = AccentColor;
				CODE_SIGN_STYLE = Automatic;
				CURRENT_PROJECT_VERSION = 1;
				DEVELOPMENT_TEAM = LC7DCZXZ89;
				GENERATE_INFOPLIST_FILE = YES;
				INFOPLIST_FILE = newSharesFilter/Info.plist;
				INFOPLIST_KEY_UIApplicationSupportsIndirectInputEvents = YES;
				INFOPLIST_KEY_UILaunchStoryboardName = LaunchScreen;
				INFOPLIST_KEY_UIMainStoryboardFile = Main;
				INFOPLIST_KEY_UISupportedInterfaceOrientations_iPad = "UIInterfaceOrientationPortrait UIInterfaceOrientationPortraitUpsideDown UIInterfaceOrientationLandscapeLeft UIInterfaceOrientationLandscapeRight";
				INFOPLIST_KEY_UISupportedInterfaceOrientations_iPhone = "UIInterfaceOrientationPortrait UIInterfaceOrientationLandscapeLeft UIInterfaceOrientationLandscapeRight";
				LD_RUNPATH_SEARCH_PATHS = (
					"$(inherited)",
					"@executable_path/Frameworks",
				);
				MARKETING_VERSION = 1.0;
				PRODUCT_BUNDLE_IDENTIFIER = com.rileylai.newSharesFilter;
				PRODUCT_NAME = "$(TARGET_NAME)";
				SWIFT_EMIT_LOC_STRINGS = YES;
				SWIFT_VERSION = 5.0;
				TARGETED_DEVICE_FAMILY = "1,2";
			};
			name = Debug;
		};
		BF2299D9289D5A3A00518875 /* Release */ = {
			isa = XCBuildConfiguration;
			buildSettings = {
				ASSETCATALOG_COMPILER_APPICON_NAME = AppIcon;
				ASSETCATALOG_COMPILER_GLOBAL_ACCENT_COLOR_NAME = AccentColor;
				CODE_SIGN_STYLE = Automatic;
				CURRENT_PROJECT_VERSION = 1;
				DEVELOPMENT_TEAM = LC7DCZXZ89;
				GENERATE_INFOPLIST_FILE = YES;
				INFOPLIST_FILE = newSharesFilter/Info.plist;
				INFOPLIST_KEY_UIApplicationSupportsIndirectInputEvents = YES;
				INFOPLIST_KEY_UILaunchStoryboardName = LaunchScreen;
				INFOPLIST_KEY_UIMainStoryboardFile = Main;
				INFOPLIST_KEY_UISupportedInterfaceOrientations_iPad = "UIInterfaceOrientationPortrait UIInterfaceOrientationPortraitUpsideDown UIInterfaceOrientationLandscapeLeft UIInterfaceOrientationLandscapeRight";
				INFOPLIST_KEY_UISupportedInterfaceOrientations_iPhone = "UIInterfaceOrientationPortrait UIInterfaceOrientationLandscapeLeft UIInterfaceOrientationLandscapeRight";
				LD_RUNPATH_SEARCH_PATHS = (
					"$(inherited)",
					"@executable_path/Frameworks",
				);
				MARKETING_VERSION = 1.0;
				PRODUCT_BUNDLE_IDENTIFIER = com.rileylai.newSharesFilter;
				PRODUCT_NAME = "$(TARGET_NAME)";
				SWIFT_EMIT_LOC_STRINGS = YES;
				SWIFT_VERSION = 5.0;
				TARGETED_DEVICE_FAMILY = "1,2";
			};
			name = Release;
		};
/* End XCBuildConfiguration section */

/* Begin XCConfigurationList section */
		BF2299BE289D5A3A00518875 /* Build configuration list for PBXProject "newSharesFilter" */ = {
			isa = XCConfigurationList;
			buildConfigurations = (
				BF2299D5289D5A3A00518875 /* Debug */,
				BF2299D6289D5A3A00518875 /* Release */,
			);
			defaultConfigurationIsVisible = 0;
			defaultConfigurationName = Release;
		};
		BF2299D7289D5A3A00518875 /* Build configuration list for PBXNativeTarget "newSharesFilter" */ = {
			isa = XCConfigurationList;
			buildConfigurations = (
				BF2299D8289D5A3A00518875 /* Debug */,
				BF2299D9289D5A3A00518875 /* Release */,
			);
			defaultConfigurationIsVisible = 0;
			defaultConfigurationName = Release;
		};
/* End XCConfigurationList section */
	};
	rootObject = BF2299BB289D5A3A00518875 /* Project object */;
}
